
Microsoft Visual Studio Solution File, Format Version 12.00
# Visual Studio Version 17
VisualStudioVersion = 17.6.33723.286
MinimumVisualStudioVersion = 10.0.40219.1
Project("{FAE04EC0-301F-11D3-BF4B-00C04F79EFBC}") = "MatchGame", "MatchGame\MatchGame.csproj", "{C16EDD42-3467-4004-884A-E8256B6ADB62}"
EndProject
Global
	GlobalSection(SolutionConfigurationPlatforms) = preSolution
		Debug|Any CPU = Debug|Any CPU
		Release|Any CPU = Release|Any CPU
	EndGlobalSection
	GlobalSection(ProjectConfigurationPlatforms) = postSolution
		{C16EDD42-3467-4004-884A-E8256B6ADB62}.Debug|Any CPU.ActiveCfg = Debug|Any CPU
		{C16EDD42-3467-4004-884A-E8256B6ADB62}.Debug|Any CPU.Build.0 = Debug|Any CPU
		{C16EDD42-3467-4004-884A-E8256B6ADB62}.Release|Any CPU.ActiveCfg = Release|Any CPU
		{C16EDD42-3467-4004-884A-E8256B6ADB62}.Release|Any CPU.Build.0 = Release|Any CPU
	EndGlobalSection
	GlobalSection(SolutionProperties) = preSolution
		HideSolutionNode = FALSE
	EndGlobalSection
	GlobalSection(ExtensibilityGlobals) = postSolution
		SolutionGuid = {2CC2A98A-D0DF-4E2D-ACCE-D0D39503F434}
	EndGlobalSection
EndGlobal
